
Microsoft Visual Studio Solution File, Format Version 12.00
# Visual Studio Version 17
VisualStudioVersion = 17.7.34024.191
MinimumVisualStudioVersion = 10.0.40219.1
Project("{9A19103F-16F7-4668-BE54-9A1E7A4F7556}") = "OrderService", "OrderService\OrderService.csproj", "{A8473E68-7C37-4D7E-BB87-873640735426}"
EndProject
Global
	GlobalSection(SolutionConfigurationPlatforms) = preSolution
		Debug|Any CPU = Debug|Any CPU
		Release|Any CPU = Release|Any CPU
	EndGlobalSection
	GlobalSection(ProjectConfigurationPlatforms) = postSolution
		{A8473E68-7C37-4D7E-BB87-873640735426}.Debug|Any CPU.ActiveCfg = Debug|Any CPU
		{A8473E68-7C37-4D7E-BB87-873640735426}.Debug|Any CPU.Build.0 = Debug|Any CPU
		{A8473E68-7C37-4D7E-BB87-873640735426}.Release|Any CPU.ActiveCfg = Release|Any CPU
		{A8473E68-7C37-4D7E-BB87-873640735426}.Release|Any CPU.Build.0 = Release|Any CPU
	EndGlobalSection
	GlobalSection(SolutionProperties) = preSolution
		HideSolutionNode = FALSE
	EndGlobalSection
	GlobalSection(ExtensibilityGlobals) = postSolution
		SolutionGuid = {F93027AC-F506-42B5-8D4C-102628554F77}
	EndGlobalSection
EndGlobal
